
Microsoft Visual Studio Solution File, Format Version 12.00
# Visual Studio 15
VisualStudioVersion = 15.0.26403.0
MinimumVisualStudioVersion = 10.0.40219.1
Project("{9A19103F-16F7-4668-BE54-9A1E7A4F7556}") = "GpioSwitcher", "GpioSwitcher.csproj", "{5985A06E-A87F-41D7-B5AB-752CF056DC0B}"
EndProject
Project("{9A19103F-16F7-4668-BE54-9A1E7A4F7556}") = "Bifrost.Devices.Gpio.Core", "..\..\Bifrost.Devices.Gpio.Core\Bifrost.Devices.Gpio.Core.csproj", "{5E2C4028-AAAD-4378-9BCC-7D31C37B4431}"
EndProject
Project("{9A19103F-16F7-4668-BE54-9A1E7A4F7556}") = "Bifrost.Devices.Gpio.Abstractions", "..\..\Bifrost.Devices.Gpio.Abstractions\Bifrost.Devices.Gpio.Abstractions.csproj", "{EA2B8A96-ECCB-422B-B165-AD7144EE6563}"
EndProject
Project("{9A19103F-16F7-4668-BE54-9A1E7A4F7556}") = "Bifrost.Devices.Gpio", "..\..\Bifrost.Devices.Gpio\Bifrost.Devices.Gpio.csproj", "{9CF726F7-AD49-4CCA-A16C-BD9F50533992}"
EndProject
Global
	GlobalSection(SolutionConfigurationPlatforms) = preSolution
		Debug|Any CPU = Debug|Any CPU
		Release|Any CPU = Release|Any CPU
	EndGlobalSection
	GlobalSection(ProjectConfigurationPlatforms) = postSolution
		{5985A06E-A87F-41D7-B5AB-752CF056DC0B}.Debug|Any CPU.ActiveCfg = Debug|Any CPU
		{5985A06E-A87F-41D7-B5AB-752CF056DC0B}.Debug|Any CPU.Build.0 = Debug|Any CPU
		{5985A06E-A87F-41D7-B5AB-752CF056DC0B}.Release|Any CPU.ActiveCfg = Release|Any CPU
		{5985A06E-A87F-41D7-B5AB-752CF056DC0B}.Release|Any CPU.Build.0 = Release|Any CPU
		{5E2C4028-AAAD-4378-9BCC-7D31C37B4431}.Debug|Any CPU.ActiveCfg = Debug|Any CPU
		{5E2C4028-AAAD-4378-9BCC-7D31C37B4431}.Debug|Any CPU.Build.0 = Debug|Any CPU
		{5E2C4028-AAAD-4378-9BCC-7D31C37B4431}.Release|Any CPU.ActiveCfg = Release|Any CPU
		{5E2C4028-AAAD-4378-9BCC-7D31C37B4431}.Release|Any CPU.Build.0 = Release|Any CPU
		{EA2B8A96-ECCB-422B-B165-AD7144EE6563}.Debug|Any CPU.ActiveCfg = Debug|Any CPU
		{EA2B8A96-ECCB-422B-B165-AD7144EE6563}.Debug|Any CPU.Build.0 = Debug|Any CPU
		{EA2B8A96-ECCB-422B-B165-AD7144EE6563}.Release|Any CPU.ActiveCfg = Release|Any CPU
		{EA2B8A96-ECCB-422B-B165-AD7144EE6563}.Release|Any CPU.Build.0 = Release|Any CPU
		{9CF726F7-AD49-4CCA-A16C-BD9F50533992}.Debug|Any CPU.ActiveCfg = Debug|Any CPU
		{9CF726F7-AD49-4CCA-A16C-BD9F50533992}.Debug|Any CPU.Build.0 = Debug|Any CPU
		{9CF726F7-AD49-4CCA-A16C-BD9F50533992}.Release|Any CPU.ActiveCfg = Release|Any CPU
		{9CF726F7-AD49-4CCA-A16C-BD9F50533992}.Release|Any CPU.Build.0 = Release|Any CPU
	EndGlobalSection
	GlobalSection(SolutionProperties) = preSolution
		HideSolutionNode = FALSE
	EndGlobalSection
EndGlobal
